// !$*UTF8*$!
{
	archiveVersion = 1;
	classes = {
	};
	objectVersion = 46;
	objects = {

/* Begin PBXBuildFile section */
		373D868E1CF793AE008FC7D6 /* LoginViewController.swift in Sources */ = {isa = PBXBuildFile; fileRef = 373D868D1CF793AE008FC7D6 /* LoginViewController.swift */; };
		373D86901CF7CFDD008FC7D6 /* ProfileViewController.swift in Sources */ = {isa = PBXBuildFile; fileRef = 373D868F1CF7CFDD008FC7D6 /* ProfileViewController.swift */; };
		373D86921CF7D44C008FC7D6 /* StoryViewController.swift in Sources */ = {isa = PBXBuildFile; fileRef = 373D86911CF7D44C008FC7D6 /* StoryViewController.swift */; };
		376E89621CECDF57009B78D5 /* AppDelegate.swift in Sources */ = {isa = PBXBuildFile; fileRef = 376E89611CECDF57009B78D5 /* AppDelegate.swift */; };
		376E89641CECDF57009B78D5 /* RootViewController.swift in Sources */ = {isa = PBXBuildFile; fileRef = 376E89631CECDF57009B78D5 /* RootViewController.swift */; };
		376E89661CECDF57009B78D5 /* CaptureViewController.swift in Sources */ = {isa = PBXBuildFile; fileRef = 376E89651CECDF57009B78D5 /* CaptureViewController.swift */; };
		376E896B1CECDF57009B78D5 /* Main.storyboard in Resources */ = {isa = PBXBuildFile; fileRef = 376E89691CECDF57009B78D5 /* Main.storyboard */; };
		376E896D1CECDF57009B78D5 /* Assets.xcassets in Resources */ = {isa = PBXBuildFile; fileRef = 376E896C1CECDF57009B78D5 /* Assets.xcassets */; };
		376E89701CECDF57009B78D5 /* LaunchScreen.storyboard in Resources */ = {isa = PBXBuildFile; fileRef = 376E896E1CECDF57009B78D5 /* LaunchScreen.storyboard */; };
		377BFC801CF62A4800F222F1 /* Bolts.framework in Frameworks */ = {isa = PBXBuildFile; fileRef = 377BFC7C1CF62A4800F222F1 /* Bolts.framework */; };
		377BFC811CF62A4800F222F1 /* Parse.framework in Frameworks */ = {isa = PBXBuildFile; fileRef = 377BFC7D1CF62A4800F222F1 /* Parse.framework */; };
		377BFC821CF62A4800F222F1 /* ParseFacebookUtilsV4.framework in Frameworks */ = {isa = PBXBuildFile; fileRef = 377BFC7E1CF62A4800F222F1 /* ParseFacebookUtilsV4.framework */; };
		377BFC831CF62A4800F222F1 /* ParseUI.framework in Frameworks */ = {isa = PBXBuildFile; fileRef = 377BFC7F1CF62A4800F222F1 /* ParseUI.framework */; };
		377BFC851CF62A6900F222F1 /* AudioToolbox.framework in Frameworks */ = {isa = PBXBuildFile; fileRef = 377BFC841CF62A6900F222F1 /* AudioToolbox.framework */; };
		377BFC871CF62A7100F222F1 /* CFNetwork.framework in Frameworks */ = {isa = PBXBuildFile; fileRef = 377BFC861CF62A7100F222F1 /* CFNetwork.framework */; };
		377BFC891CF62A7800F222F1 /* CoreGraphics.framework in Frameworks */ = {isa = PBXBuildFile; fileRef = 377BFC881CF62A7800F222F1 /* CoreGraphics.framework */; };
		377BFC8B1CF62A7C00F222F1 /* QuartzCore.framework in Frameworks */ = {isa = PBXBuildFile; fileRef = 377BFC8A1CF62A7C00F222F1 /* QuartzCore.framework */; };
		377BFC8D1CF62A8500F222F1 /* SystemConfiguration.framework in Frameworks */ = {isa = PBXBuildFile; fileRef = 377BFC8C1CF62A8500F222F1 /* SystemConfiguration.framework */; };
		377BFC8F1CF62A8900F222F1 /* Security.framework in Frameworks */ = {isa = PBXBuildFile; fileRef = 377BFC8E1CF62A8900F222F1 /* Security.framework */; };
		377BFC911CF62A8D00F222F1 /* StoreKit.framework in Frameworks */ = {isa = PBXBuildFile; fileRef = 377BFC901CF62A8D00F222F1 /* StoreKit.framework */; };
		377BFC931CF62A9A00F222F1 /* libz.tbd in Frameworks */ = {isa = PBXBuildFile; fileRef = 377BFC921CF62A9A00F222F1 /* libz.tbd */; };
		377BFC951CF62AA700F222F1 /* libsqlite3.tbd in Frameworks */ = {isa = PBXBuildFile; fileRef = 377BFC941CF62AA700F222F1 /* libsqlite3.tbd */; };
		3788250D1CF4D79A00898C02 /* MapKit.framework in Frameworks */ = {isa = PBXBuildFile; fileRef = 3788250C1CF4D79A00898C02 /* MapKit.framework */; };
		3788250F1CF4D79F00898C02 /* CoreLocation.framework in Frameworks */ = {isa = PBXBuildFile; fileRef = 3788250E1CF4D79F00898C02 /* CoreLocation.framework */; };
		379CBD861CF4FA68002B3172 /* Helper.swift in Sources */ = {isa = PBXBuildFile; fileRef = 379CBD851CF4FA68002B3172 /* Helper.swift */; };
		37EB5E681CF63595006F9935 /* AVFoundation.framework in Frameworks */ = {isa = PBXBuildFile; fileRef = 37EB5E671CF63595006F9935 /* AVFoundation.framework */; };
		37EB5E871CF6363D006F9935 /* CameraDismissButton.m in Sources */ = {isa = PBXBuildFile; fileRef = 37EB5E6E1CF6363D006F9935 /* CameraDismissButton.m */; };
		37EB5E881CF6363D006F9935 /* CameraFlashButton.m in Sources */ = {isa = PBXBuildFile; fileRef = 37EB5E701CF6363D006F9935 /* CameraFlashButton.m */; };
		37EB5E891CF6363D006F9935 /* CameraFocalReticule.m in Sources */ = {isa = PBXBuildFile; fileRef = 37EB5E721CF6363D006F9935 /* CameraFocalReticule.m */; };
		37EB5E8A1CF6363D006F9935 /* CameraShutterButton.m in Sources */ = {isa = PBXBuildFile; fileRef = 37EB5E741CF6363D006F9935 /* CameraShutterButton.m */; };
		37EB5E8B1CF6363D006F9935 /* CameraToggleButton.m in Sources */ = {isa = PBXBuildFile; fileRef = 37EB5E761CF6363D006F9935 /* CameraToggleButton.m */; };
		37EB5E8C1CF6363D006F9935 /* LaunchCameraButton.m in Sources */ = {isa = PBXBuildFile; fileRef = 37EB5E781CF6363D006F9935 /* LaunchCameraButton.m */; };
		37EB5E8D1CF6363D006F9935 /* Cool Camera Mockup.sketch in Resources */ = {isa = PBXBuildFile; fileRef = 37EB5E7A1CF6363D006F9935 /* Cool Camera Mockup.sketch */; };
		37EB5E8E1CF6363D006F9935 /* PaintCodeFile.pcvd in Resources */ = {isa = PBXBuildFile; fileRef = 37EB5E7B1CF6363D006F9935 /* PaintCodeFile.pcvd */; };
		37EB5E8F1CF6363D006F9935 /* CameraStyleKitClass.m in Sources */ = {isa = PBXBuildFile; fileRef = 37EB5E7D1CF6363D006F9935 /* CameraStyleKitClass.m */; };
		37EB5E901CF6363D006F9935 /* CaptureSessionManager.m in Sources */ = {isa = PBXBuildFile; fileRef = 37EB5E811CF6363D006F9935 /* CaptureSessionManager.m */; };
		37EB5E911CF6363D006F9935 /* Constants.m in Sources */ = {isa = PBXBuildFile; fileRef = 37EB5E831CF6363D006F9935 /* Constants.m */; };
		37EB5E941CF63860006F9935 /* CameraSessionView.m in Sources */ = {isa = PBXBuildFile; fileRef = 37EB5E931CF63860006F9935 /* CameraSessionView.m */; };
		71676F0A63C6B0AFEB98AC81 /* Pods_Glimpse.framework in Frameworks */ = {isa = PBXBuildFile; fileRef = C14782C769C88009BAA68C61 /* Pods_Glimpse.framework */; };
/* End PBXBuildFile section */

/* Begin PBXFileReference section */
		249ABC413236CE142DC03933 /* Pods-Glimpse.debug.xcconfig */ = {isa = PBXFileReference; includeInIndex = 1; lastKnownFileType = text.xcconfig; name = "Pods-Glimpse.debug.xcconfig"; path = "Pods/Target Support Files/Pods-Glimpse/Pods-Glimpse.debug.xcconfig"; sourceTree = "<group>"; };
		373D868D1CF793AE008FC7D6 /* LoginViewController.swift */ = {isa = PBXFileReference; fileEncoding = 4; lastKnownFileType = sourcecode.swift; path = LoginViewController.swift; sourceTree = "<group>"; };
		373D868F1CF7CFDD008FC7D6 /* ProfileViewController.swift */ = {isa = PBXFileReference; fileEncoding = 4; lastKnownFileType = sourcecode.swift; path = ProfileViewController.swift; sourceTree = "<group>"; };
		373D86911CF7D44C008FC7D6 /* StoryViewController.swift */ = {isa = PBXFileReference; fileEncoding = 4; lastKnownFileType = sourcecode.swift; path = StoryViewController.swift; sourceTree = "<group>"; };
		374D7A1A1CF0F66F0091EBC2 /* Glimpse-Bridging-Header.h */ = {isa = PBXFileReference; lastKnownFileType = sourcecode.c.h; path = "Glimpse-Bridging-Header.h"; sourceTree = "<group>"; };
		376E895E1CECDF57009B78D5 /* Glimpse.app */ = {isa = PBXFileReference; explicitFileType = wrapper.application; includeInIndex = 0; path = Glimpse.app; sourceTree = BUILT_PRODUCTS_DIR; };
		376E89611CECDF57009B78D5 /* AppDelegate.swift */ = {isa = PBXFileReference; lastKnownFileType = sourcecode.swift; path = AppDelegate.swift; sourceTree = "<group>"; };
		376E89631CECDF57009B78D5 /* RootViewController.swift */ = {isa = PBXFileReference; lastKnownFileType = sourcecode.swift; path = RootViewController.swift; sourceTree = "<group>"; };
		376E89651CECDF57009B78D5 /* CaptureViewController.swift */ = {isa = PBXFileReference; lastKnownFileType = sourcecode.swift; path = CaptureViewController.swift; sourceTree = "<group>"; };
		376E896A1CECDF57009B78D5 /* Base */ = {isa = PBXFileReference; lastKnownFileType = file.storyboard; name = Base; path = Base.lproj/Main.storyboard; sourceTree = "<group>"; };
		376E896C1CECDF57009B78D5 /* Assets.xcassets */ = {isa = PBXFileReference; lastKnownFileType = folder.assetcatalog; path = Assets.xcassets; sourceTree = "<group>"; };
		376E896F1CECDF57009B78D5 /* Base */ = {isa = PBXFileReference; lastKnownFileType = file.storyboard; name = Base; path = Base.lproj/LaunchScreen.storyboard; sourceTree = "<group>"; };
		376E89711CECDF57009B78D5 /* Info.plist */ = {isa = PBXFileReference; lastKnownFileType = text.plist.xml; path = Info.plist; sourceTree = "<group>"; };
		377BFC7C1CF62A4800F222F1 /* Bolts.framework */ = {isa = PBXFileReference; lastKnownFileType = wrapper.framework; name = Bolts.framework; path = Glimpse/Parse/Bolts.framework; sourceTree = "<group>"; };
		377BFC7D1CF62A4800F222F1 /* Parse.framework */ = {isa = PBXFileReference; lastKnownFileType = wrapper.framework; name = Parse.framework; path = Glimpse/Parse/Parse.framework; sourceTree = "<group>"; };
		377BFC7E1CF62A4800F222F1 /* ParseFacebookUtilsV4.framework */ = {isa = PBXFileReference; lastKnownFileType = wrapper.framework; name = ParseFacebookUtilsV4.framework; path = Glimpse/Parse/ParseFacebookUtilsV4.framework; sourceTree = "<group>"; };
		377BFC7F1CF62A4800F222F1 /* ParseUI.framework */ = {isa = PBXFileReference; lastKnownFileType = wrapper.framework; name = ParseUI.framework; path = Glimpse/Parse/ParseUI.framework; sourceTree = "<group>"; };
		377BFC841CF62A6900F222F1 /* AudioToolbox.framework */ = {isa = PBXFileReference; lastKnownFileType = wrapper.framework; name = AudioToolbox.framework; path = System/Library/Frameworks/AudioToolbox.framework; sourceTree = SDKROOT; };
		377BFC861CF62A7100F222F1 /* CFNetwork.framework */ = {isa = PBXFileReference; lastKnownFileType = wrapper.framework; name = CFNetwork.framework; path = System/Library/Frameworks/CFNetwork.framework; sourceTree = SDKROOT; };
		377BFC881CF62A7800F222F1 /* CoreGraphics.framework */ = {isa = PBXFileReference; lastKnownFileType = wrapper.framework; name = CoreGraphics.framework; path = System/Library/Frameworks/CoreGraphics.framework; sourceTree = SDKROOT; };
		377BFC8A1CF62A7C00F222F1 /* QuartzCore.framework */ = {isa = PBXFileReference; lastKnownFileType = wrapper.framework; name = QuartzCore.framework; path = System/Library/Frameworks/QuartzCore.framework; sourceTree = SDKROOT; };
		377BFC8C1CF62A8500F222F1 /* SystemConfiguration.framework */ = {isa = PBXFileReference; lastKnownFileType = wrapper.framework; name = SystemConfiguration.framework; path = System/Library/Frameworks/SystemConfiguration.framework; sourceTree = SDKROOT; };
		377BFC8E1CF62A8900F222F1 /* Security.framework */ = {isa = PBXFileReference; lastKnownFileType = wrapper.framework; name = Security.framework; path = System/Library/Frameworks/Security.framework; sourceTree = SDKROOT; };
		377BFC901CF62A8D00F222F1 /* StoreKit.framework */ = {isa = PBXFileReference; lastKnownFileType = wrapper.framework; name = StoreKit.framework; path = System/Library/Frameworks/StoreKit.framework; sourceTree = SDKROOT; };
		377BFC921CF62A9A00F222F1 /* libz.tbd */ = {isa = PBXFileReference; lastKnownFileType = "sourcecode.text-based-dylib-definition"; name = libz.tbd; path = usr/lib/libz.tbd; sourceTree = SDKROOT; };
		377BFC941CF62AA700F222F1 /* libsqlite3.tbd */ = {isa = PBXFileReference; lastKnownFileType = "sourcecode.text-based-dylib-definition"; name = libsqlite3.tbd; path = usr/lib/libsqlite3.tbd; sourceTree = SDKROOT; };
		3788250C1CF4D79A00898C02 /* MapKit.framework */ = {isa = PBXFileReference; lastKnownFileType = wrapper.framework; name = MapKit.framework; path = System/Library/Frameworks/MapKit.framework; sourceTree = SDKROOT; };
		3788250E1CF4D79F00898C02 /* CoreLocation.framework */ = {isa = PBXFileReference; lastKnownFileType = wrapper.framework; name = CoreLocation.framework; path = System/Library/Frameworks/CoreLocation.framework; sourceTree = SDKROOT; };
		379CBD851CF4FA68002B3172 /* Helper.swift */ = {isa = PBXFileReference; fileEncoding = 4; lastKnownFileType = sourcecode.swift; path = Helper.swift; sourceTree = "<group>"; };
		37EB5E671CF63595006F9935 /* AVFoundation.framework */ = {isa = PBXFileReference; lastKnownFileType = wrapper.framework; name = AVFoundation.framework; path = System/Library/Frameworks/AVFoundation.framework; sourceTree = SDKROOT; };
		37EB5E6D1CF6363D006F9935 /* CameraDismissButton.h */ = {isa = PBXFileReference; fileEncoding = 4; lastKnownFileType = sourcecode.c.h; path = CameraDismissButton.h; sourceTree = "<group>"; };
		37EB5E6E1CF6363D006F9935 /* CameraDismissButton.m */ = {isa = PBXFileReference; fileEncoding = 4; lastKnownFileType = sourcecode.c.objc; path = CameraDismissButton.m; sourceTree = "<group>"; };
		37EB5E6F1CF6363D006F9935 /* CameraFlashButton.h */ = {isa = PBXFileReference; fileEncoding = 4; lastKnownFileType = sourcecode.c.h; path = CameraFlashButton.h; sourceTree = "<group>"; };
		37EB5E701CF6363D006F9935 /* CameraFlashButton.m */ = {isa = PBXFileReference; fileEncoding = 4; lastKnownFileType = sourcecode.c.objc; path = CameraFlashButton.m; sourceTree = "<group>"; };
		37EB5E711CF6363D006F9935 /* CameraFocalReticule.h */ = {isa = PBXFileReference; fileEncoding = 4; lastKnownFileType = sourcecode.c.h; path = CameraFocalReticule.h; sourceTree = "<group>"; };
		37EB5E721CF6363D006F9935 /* CameraFocalReticule.m */ = {isa = PBXFileReference; fileEncoding = 4; lastKnownFileType = sourcecode.c.objc; path = CameraFocalReticule.m; sourceTree = "<group>"; };
		37EB5E731CF6363D006F9935 /* CameraShutterButton.h */ = {isa = PBXFileReference; fileEncoding = 4; lastKnownFileType = sourcecode.c.h; path = CameraShutterButton.h; sourceTree = "<group>"; };
		37EB5E741CF6363D006F9935 /* CameraShutterButton.m */ = {isa = PBXFileReference; fileEncoding = 4; lastKnownFileType = sourcecode.c.objc; path = CameraShutterButton.m; sourceTree = "<group>"; };
		37EB5E751CF6363D006F9935 /* CameraToggleButton.h */ = {isa = PBXFileReference; fileEncoding = 4; lastKnownFileType = sourcecode.c.h; path = CameraToggleButton.h; sourceTree = "<group>"; };
		37EB5E761CF6363D006F9935 /* CameraToggleButton.m */ = {isa = PBXFileReference; fileEncoding = 4; lastKnownFileType = sourcecode.c.objc; path = CameraToggleButton.m; sourceTree = "<group>"; };
		37EB5E771CF6363D006F9935 /* LaunchCameraButton.h */ = {isa = PBXFileReference; fileEncoding = 4; lastKnownFileType = sourcecode.c.h; path = LaunchCameraButton.h; sourceTree = "<group>"; };
		37EB5E781CF6363D006F9935 /* LaunchCameraButton.m */ = {isa = PBXFileReference; fileEncoding = 4; lastKnownFileType = sourcecode.c.objc; path = LaunchCameraButton.m; sourceTree = "<group>"; };
		37EB5E7A1CF6363D006F9935 /* Cool Camera Mockup.sketch */ = {isa = PBXFileReference; lastKnownFileType = file; path = "Cool Camera Mockup.sketch"; sourceTree = "<group>"; };
		37EB5E7B1CF6363D006F9935 /* PaintCodeFile.pcvd */ = {isa = PBXFileReference; lastKnownFileType = file.bplist; path = PaintCodeFile.pcvd; sourceTree = "<group>"; };
		37EB5E7C1CF6363D006F9935 /* CameraStyleKitClass.h */ = {isa = PBXFileReference; fileEncoding = 4; lastKnownFileType = sourcecode.c.h; path = CameraStyleKitClass.h; sourceTree = "<group>"; };
		37EB5E7D1CF6363D006F9935 /* CameraStyleKitClass.m */ = {isa = PBXFileReference; fileEncoding = 4; lastKnownFileType = sourcecode.c.objc; path = CameraStyleKitClass.m; sourceTree = "<group>"; };
		37EB5E801CF6363D006F9935 /* CaptureSessionManager.h */ = {isa = PBXFileReference; fileEncoding = 4; lastKnownFileType = sourcecode.c.h; path = CaptureSessionManager.h; sourceTree = "<group>"; };
		37EB5E811CF6363D006F9935 /* CaptureSessionManager.m */ = {isa = PBXFileReference; fileEncoding = 4; lastKnownFileType = sourcecode.c.objc; path = CaptureSessionManager.m; sourceTree = "<group>"; };
		37EB5E821CF6363D006F9935 /* Constants.h */ = {isa = PBXFileReference; fileEncoding = 4; lastKnownFileType = sourcecode.c.h; path = Constants.h; sourceTree = "<group>"; };
		37EB5E831CF6363D006F9935 /* Constants.m */ = {isa = PBXFileReference; fileEncoding = 4; lastKnownFileType = sourcecode.c.objc; path = Constants.m; sourceTree = "<group>"; };
		37EB5E921CF63860006F9935 /* CameraSessionView.h */ = {isa = PBXFileReference; fileEncoding = 4; lastKnownFileType = sourcecode.c.h; path = CameraSessionView.h; sourceTree = "<group>"; };
		37EB5E931CF63860006F9935 /* CameraSessionView.m */ = {isa = PBXFileReference; fileEncoding = 4; lastKnownFileType = sourcecode.c.objc; path = CameraSessionView.m; sourceTree = "<group>"; };
		B82C5E50ECF9B926E3FBFFAB /* Pods-Glimpse.release.xcconfig */ = {isa = PBXFileReference; includeInIndex = 1; lastKnownFileType = text.xcconfig; name = "Pods-Glimpse.release.xcconfig"; path = "Pods/Target Support Files/Pods-Glimpse/Pods-Glimpse.release.xcconfig"; sourceTree = "<group>"; };
		C14782C769C88009BAA68C61 /* Pods_Glimpse.framework */ = {isa = PBXFileReference; explicitFileType = wrapper.framework; includeInIndex = 0; path = Pods_Glimpse.framework; sourceTree = BUILT_PRODUCTS_DIR; };
/* End PBXFileReference section */

/* Begin PBXFrameworksBuildPhase section */
		376E895B1CECDF57009B78D5 /* Frameworks */ = {
			isa = PBXFrameworksBuildPhase;
			buildActionMask = 2147483647;
			files = (
				37EB5E681CF63595006F9935 /* AVFoundation.framework in Frameworks */,
				377BFC951CF62AA700F222F1 /* libsqlite3.tbd in Frameworks */,
				377BFC931CF62A9A00F222F1 /* libz.tbd in Frameworks */,
				377BFC911CF62A8D00F222F1 /* StoreKit.framework in Frameworks */,
				377BFC8F1CF62A8900F222F1 /* Security.framework in Frameworks */,
				377BFC8D1CF62A8500F222F1 /* SystemConfiguration.framework in Frameworks */,
				377BFC8B1CF62A7C00F222F1 /* QuartzCore.framework in Frameworks */,
				377BFC891CF62A7800F222F1 /* CoreGraphics.framework in Frameworks */,
				377BFC871CF62A7100F222F1 /* CFNetwork.framework in Frameworks */,
				377BFC851CF62A6900F222F1 /* AudioToolbox.framework in Frameworks */,
				3788250F1CF4D79F00898C02 /* CoreLocation.framework in Frameworks */,
				3788250D1CF4D79A00898C02 /* MapKit.framework in Frameworks */,
				377BFC831CF62A4800F222F1 /* ParseUI.framework in Frameworks */,
				377BFC821CF62A4800F222F1 /* ParseFacebookUtilsV4.framework in Frameworks */,
				71676F0A63C6B0AFEB98AC81 /* Pods_Glimpse.framework in Frameworks */,
				377BFC801CF62A4800F222F1 /* Bolts.framework in Frameworks */,
				377BFC811CF62A4800F222F1 /* Parse.framework in Frameworks */,
			);
			runOnlyForDeploymentPostprocessing = 0;
		};
/* End PBXFrameworksBuildPhase section */

/* Begin PBXGroup section */
		149EE995003B0B3986C08E77 /* Frameworks */ = {
			isa = PBXGroup;
			children = (
				37EB5E671CF63595006F9935 /* AVFoundation.framework */,
				377BFC941CF62AA700F222F1 /* libsqlite3.tbd */,
				377BFC921CF62A9A00F222F1 /* libz.tbd */,
				377BFC901CF62A8D00F222F1 /* StoreKit.framework */,
				377BFC8E1CF62A8900F222F1 /* Security.framework */,
				377BFC8C1CF62A8500F222F1 /* SystemConfiguration.framework */,
				377BFC8A1CF62A7C00F222F1 /* QuartzCore.framework */,
				377BFC881CF62A7800F222F1 /* CoreGraphics.framework */,
				377BFC861CF62A7100F222F1 /* CFNetwork.framework */,
				377BFC841CF62A6900F222F1 /* AudioToolbox.framework */,
				377BFC7C1CF62A4800F222F1 /* Bolts.framework */,
				377BFC7D1CF62A4800F222F1 /* Parse.framework */,
				377BFC7E1CF62A4800F222F1 /* ParseFacebookUtilsV4.framework */,
				377BFC7F1CF62A4800F222F1 /* ParseUI.framework */,
				3788250E1CF4D79F00898C02 /* CoreLocation.framework */,
				3788250C1CF4D79A00898C02 /* MapKit.framework */,
				C14782C769C88009BAA68C61 /* Pods_Glimpse.framework */,
			);
			name = Frameworks;
			sourceTree = "<group>";
		};
		376E89551CECDF57009B78D5 = {
			isa = PBXGroup;
			children = (
				376E89601CECDF57009B78D5 /* Glimpse */,
				376E895F1CECDF57009B78D5 /* Products */,
				F864E15339885F92BF95A81F /* Pods */,
				37EB5E851CF6363D006F9935 /* CustomizableCamera */,
				149EE995003B0B3986C08E77 /* Frameworks */,
			);
			sourceTree = "<group>";
		};
		376E895F1CECDF57009B78D5 /* Products */ = {
			isa = PBXGroup;
			children = (
				376E895E1CECDF57009B78D5 /* Glimpse.app */,
			);
			name = Products;
			sourceTree = "<group>";
		};
		376E89601CECDF57009B78D5 /* Glimpse */ = {
			isa = PBXGroup;
			children = (
				376E89611CECDF57009B78D5 /* AppDelegate.swift */,
				37EB5E691CF6360C006F9935 /* View Controllers */,
				376E89691CECDF57009B78D5 /* Main.storyboard */,
				376E896C1CECDF57009B78D5 /* Assets.xcassets */,
				376E896E1CECDF57009B78D5 /* LaunchScreen.storyboard */,
				376E89711CECDF57009B78D5 /* Info.plist */,
				379CBD851CF4FA68002B3172 /* Helper.swift */,
				374D7A1A1CF0F66F0091EBC2 /* Glimpse-Bridging-Header.h */,
			);
			path = Glimpse;
			sourceTree = "<group>";
		};
		37EB5E691CF6360C006F9935 /* View Controllers */ = {
			isa = PBXGroup;
			children = (
				376E89631CECDF57009B78D5 /* RootViewController.swift */,
				376E89651CECDF57009B78D5 /* CaptureViewController.swift */,
				373D868D1CF793AE008FC7D6 /* LoginViewController.swift */,
				373D868F1CF7CFDD008FC7D6 /* ProfileViewController.swift */,
				373D86911CF7D44C008FC7D6 /* StoryViewController.swift */,
			);
			name = "View Controllers";
			sourceTree = "<group>";
		};
		37EB5E6C1CF6363D006F9935 /* Camera View */ = {
			isa = PBXGroup;
			children = (
				37EB5E921CF63860006F9935 /* CameraSessionView.h */,
				37EB5E931CF63860006F9935 /* CameraSessionView.m */,
			);
			path = "Camera View";
			sourceTree = "<group>";
		};
		37EB5E791CF6363D006F9935 /* CameraViewComponents */ = {
			isa = PBXGroup;
			children = (
				37EB5E6D1CF6363D006F9935 /* CameraDismissButton.h */,
				37EB5E6E1CF6363D006F9935 /* CameraDismissButton.m */,
				37EB5E6F1CF6363D006F9935 /* CameraFlashButton.h */,
				37EB5E701CF6363D006F9935 /* CameraFlashButton.m */,
				37EB5E711CF6363D006F9935 /* CameraFocalReticule.h */,
				37EB5E721CF6363D006F9935 /* CameraFocalReticule.m */,
				37EB5E731CF6363D006F9935 /* CameraShutterButton.h */,
				37EB5E741CF6363D006F9935 /* CameraShutterButton.m */,
				37EB5E751CF6363D006F9935 /* CameraToggleButton.h */,
				37EB5E761CF6363D006F9935 /* CameraToggleButton.m */,
				37EB5E771CF6363D006F9935 /* LaunchCameraButton.h */,
				37EB5E781CF6363D006F9935 /* LaunchCameraButton.m */,
			);
			path = CameraViewComponents;
			sourceTree = "<group>";
		};
		37EB5E7E1CF6363D006F9935 /* UI Assets */ = {
			isa = PBXGroup;
			children = (
				37EB5E7C1CF6363D006F9935 /* CameraStyleKitClass.h */,
				37EB5E7D1CF6363D006F9935 /* CameraStyleKitClass.m */,
			);
			path = "UI Assets";
			sourceTree = "<group>";
		};
		37EB5E7F1CF6363D006F9935 /* Graphical Assets */ = {
			isa = PBXGroup;
			children = (
				37EB5E791CF6363D006F9935 /* CameraViewComponents */,
				37EB5E7A1CF6363D006F9935 /* Cool Camera Mockup.sketch */,
				37EB5E7B1CF6363D006F9935 /* PaintCodeFile.pcvd */,
				37EB5E7E1CF6363D006F9935 /* UI Assets */,
			);
			path = "Graphical Assets";
			sourceTree = "<group>";
		};
		37EB5E841CF6363D006F9935 /* Model Classes */ = {
			isa = PBXGroup;
			children = (
				37EB5E801CF6363D006F9935 /* CaptureSessionManager.h */,
				37EB5E811CF6363D006F9935 /* CaptureSessionManager.m */,
				37EB5E821CF6363D006F9935 /* Constants.h */,
				37EB5E831CF6363D006F9935 /* Constants.m */,
			);
			path = "Model Classes";
			sourceTree = "<group>";
		};
		37EB5E851CF6363D006F9935 /* CustomizableCamera */ = {
			isa = PBXGroup;
			children = (
				37EB5E6C1CF6363D006F9935 /* Camera View */,
				37EB5E7F1CF6363D006F9935 /* Graphical Assets */,
				37EB5E841CF6363D006F9935 /* Model Classes */,
			);
			name = CustomizableCamera;
			path = Glimpse/CustomizableCamera;
			sourceTree = "<group>";
		};
		F864E15339885F92BF95A81F /* Pods */ = {
			isa = PBXGroup;
			children = (
				249ABC413236CE142DC03933 /* Pods-Glimpse.debug.xcconfig */,
				B82C5E50ECF9B926E3FBFFAB /* Pods-Glimpse.release.xcconfig */,
			);
			name = Pods;
			sourceTree = "<group>";
		};
/* End PBXGroup section */

/* Begin PBXNativeTarget section */
		376E895D1CECDF57009B78D5 /* Glimpse */ = {
			isa = PBXNativeTarget;
			buildConfigurationList = 376E89741CECDF57009B78D5 /* Build configuration list for PBXNativeTarget "Glimpse" */;
			buildPhases = (
				2D520532E3682E0FBA5048A7 /* 📦 Check Pods Manifest.lock */,
				376E895A1CECDF57009B78D5 /* Sources */,
				376E895B1CECDF57009B78D5 /* Frameworks */,
				376E895C1CECDF57009B78D5 /* Resources */,
				00BE0F00695A141F6E1831C8 /* 📦 Embed Pods Frameworks */,
				2C667331D475426035581452 /* 📦 Copy Pods Resources */,
			);
			buildRules = (
			);
			dependencies = (
			);
			name = Glimpse;
			productName = Glimpse;
			productReference = 376E895E1CECDF57009B78D5 /* Glimpse.app */;
			productType = "com.apple.product-type.application";
		};
/* End PBXNativeTarget section */

/* Begin PBXProject section */
		376E89561CECDF57009B78D5 /* Project object */ = {
			isa = PBXProject;
			attributes = {
				LastSwiftUpdateCheck = 0730;
				LastUpgradeCheck = 0730;
				ORGANIZATIONNAME = GlimpseCreative;
				TargetAttributes = {
					376E895D1CECDF57009B78D5 = {
						CreatedOnToolsVersion = 7.3.1;
						DevelopmentTeam = GGJF6LY3BM;
					};
				};
			};
			buildConfigurationList = 376E89591CECDF57009B78D5 /* Build configuration list for PBXProject "Glimpse" */;
			compatibilityVersion = "Xcode 3.2";
			developmentRegion = English;
			hasScannedForEncodings = 0;
			knownRegions = (
				en,
				Base,
			);
			mainGroup = 376E89551CECDF57009B78D5;
			productRefGroup = 376E895F1CECDF57009B78D5 /* Products */;
			projectDirPath = "";
			projectRoot = "";
			targets = (
				376E895D1CECDF57009B78D5 /* Glimpse */,
			);
		};
/* End PBXProject section */

/* Begin PBXResourcesBuildPhase section */
		376E895C1CECDF57009B78D5 /* Resources */ = {
			isa = PBXResourcesBuildPhase;
			buildActionMask = 2147483647;
			files = (
				376E89701CECDF57009B78D5 /* LaunchScreen.storyboard in Resources */,
				376E896D1CECDF57009B78D5 /* Assets.xcassets in Resources */,
				37EB5E8E1CF6363D006F9935 /* PaintCodeFile.pcvd in Resources */,
				37EB5E8D1CF6363D006F9935 /* Cool Camera Mockup.sketch in Resources */,
				376E896B1CECDF57009B78D5 /* Main.storyboard in Resources */,
			);
			runOnlyForDeploymentPostprocessing = 0;
		};
/* End PBXResourcesBuildPhase section */

/* Begin PBXShellScriptBuildPhase section */
		00BE0F00695A141F6E1831C8 /* 📦 Embed Pods Frameworks */ = {
			isa = PBXShellScriptBuildPhase;
			buildActionMask = 2147483647;
			files = (
			);
			inputPaths = (
			);
			name = "📦 Embed Pods Frameworks";
			outputPaths = (
			);
			runOnlyForDeploymentPostprocessing = 0;
			shellPath = /bin/sh;
			shellScript = "\"${SRCROOT}/Pods/Target Support Files/Pods-Glimpse/Pods-Glimpse-frameworks.sh\"\n";
			showEnvVarsInLog = 0;
		};
		2C667331D475426035581452 /* 📦 Copy Pods Resources */ = {
			isa = PBXShellScriptBuildPhase;
			buildActionMask = 2147483647;
			files = (
			);
			inputPaths = (
			);
			name = "📦 Copy Pods Resources";
			outputPaths = (
			);
			runOnlyForDeploymentPostprocessing = 0;
			shellPath = /bin/sh;
			shellScript = "\"${SRCROOT}/Pods/Target Support Files/Pods-Glimpse/Pods-Glimpse-resources.sh\"\n";
			showEnvVarsInLog = 0;
		};
		2D520532E3682E0FBA5048A7 /* 📦 Check Pods Manifest.lock */ = {
			isa = PBXShellScriptBuildPhase;
			buildActionMask = 2147483647;
			files = (
			);
			inputPaths = (
			);
			name = "📦 Check Pods Manifest.lock";
			outputPaths = (
			);
			runOnlyForDeploymentPostprocessing = 0;
			shellPath = /bin/sh;
			shellScript = "diff \"${PODS_ROOT}/../Podfile.lock\" \"${PODS_ROOT}/Manifest.lock\" > /dev/null\nif [[ $? != 0 ]] ; then\n    cat << EOM\nerror: The sandbox is not in sync with the Podfile.lock. Run 'pod install' or update your CocoaPods installation.\nEOM\n    exit 1\nfi\n";
			showEnvVarsInLog = 0;
		};
/* End PBXShellScriptBuildPhase section */

/* Begin PBXSourcesBuildPhase section */
		376E895A1CECDF57009B78D5 /* Sources */ = {
			isa = PBXSourcesBuildPhase;
			buildActionMask = 2147483647;
			files = (
				376E89641CECDF57009B78D5 /* RootViewController.swift in Sources */,
				37EB5E881CF6363D006F9935 /* CameraFlashButton.m in Sources */,
				37EB5E8A1CF6363D006F9935 /* CameraShutterButton.m in Sources */,
				373D868E1CF793AE008FC7D6 /* LoginViewController.swift in Sources */,
				37EB5E8F1CF6363D006F9935 /* CameraStyleKitClass.m in Sources */,
				37EB5E911CF6363D006F9935 /* Constants.m in Sources */,
				373D86901CF7CFDD008FC7D6 /* ProfileViewController.swift in Sources */,
				37EB5E8C1CF6363D006F9935 /* LaunchCameraButton.m in Sources */,
				37EB5E941CF63860006F9935 /* CameraSessionView.m in Sources */,
				37EB5E8B1CF6363D006F9935 /* CameraToggleButton.m in Sources */,
				37EB5E891CF6363D006F9935 /* CameraFocalReticule.m in Sources */,
				379CBD861CF4FA68002B3172 /* Helper.swift in Sources */,
				37EB5E901CF6363D006F9935 /* CaptureSessionManager.m in Sources */,
				37EB5E871CF6363D006F9935 /* CameraDismissButton.m in Sources */,
				376E89661CECDF57009B78D5 /* CaptureViewController.swift in Sources */,
				376E89621CECDF57009B78D5 /* AppDelegate.swift in Sources */,
				373D86921CF7D44C008FC7D6 /* StoryViewController.swift in Sources */,
			);
			runOnlyForDeploymentPostprocessing = 0;
		};
/* End PBXSourcesBuildPhase section */

/* Begin PBXVariantGroup section */
		376E89691CECDF57009B78D5 /* Main.storyboard */ = {
			isa = PBXVariantGroup;
			children = (
				376E896A1CECDF57009B78D5 /* Base */,
			);
			name = Main.storyboard;
			sourceTree = "<group>";
		};
		376E896E1CECDF57009B78D5 /* LaunchScreen.storyboard */ = {
			isa = PBXVariantGroup;
			children = (
				376E896F1CECDF57009B78D5 /* Base */,
			);
			name = LaunchScreen.storyboard;
			sourceTree = "<group>";
		};
/* End PBXVariantGroup section */

/* Begin XCBuildConfiguration section */
		376E89721CECDF57009B78D5 /* Debug */ = {
			isa = XCBuildConfiguration;
			buildSettings = {
				ALWAYS_SEARCH_USER_PATHS = NO;
				CLANG_ANALYZER_NONNULL = YES;
				CLANG_CXX_LANGUAGE_STANDARD = "gnu++0x";
				CLANG_CXX_LIBRARY = "libc++";
				CLANG_ENABLE_MODULES = YES;
				CLANG_ENABLE_OBJC_ARC = YES;
				CLANG_WARN_BOOL_CONVERSION = YES;
				CLANG_WARN_CONSTANT_CONVERSION = YES;
				CLANG_WARN_DIRECT_OBJC_ISA_USAGE = YES_ERROR;
				CLANG_WARN_EMPTY_BODY = YES;
				CLANG_WARN_ENUM_CONVERSION = YES;
				CLANG_WARN_INT_CONVERSION = YES;
				CLANG_WARN_OBJC_ROOT_CLASS = YES_ERROR;
				CLANG_WARN_UNREACHABLE_CODE = YES;
				CLANG_WARN__DUPLICATE_METHOD_MATCH = YES;
				"CODE_SIGN_IDENTITY[sdk=iphoneos*]" = "iPhone Developer";
				COPY_PHASE_STRIP = NO;
				DEBUG_INFORMATION_FORMAT = dwarf;
				ENABLE_STRICT_OBJC_MSGSEND = YES;
				ENABLE_TESTABILITY = YES;
				GCC_C_LANGUAGE_STANDARD = gnu99;
				GCC_DYNAMIC_NO_PIC = NO;
				GCC_NO_COMMON_BLOCKS = YES;
				GCC_OPTIMIZATION_LEVEL = 0;
				GCC_PREPROCESSOR_DEFINITIONS = (
					"DEBUG=1",
					"$(inherited)",
				);
				GCC_WARN_64_TO_32_BIT_CONVERSION = YES;
				GCC_WARN_ABOUT_RETURN_TYPE = YES_ERROR;
				GCC_WARN_UNDECLARED_SELECTOR = YES;
				GCC_WARN_UNINITIALIZED_AUTOS = YES_AGGRESSIVE;
				GCC_WARN_UNUSED_FUNCTION = YES;
				GCC_WARN_UNUSED_VARIABLE = YES;
				IPHONEOS_DEPLOYMENT_TARGET = 9.3;
				MTL_ENABLE_DEBUG_INFO = YES;
				ONLY_ACTIVE_ARCH = YES;
				SDKROOT = iphoneos;
				SWIFT_OPTIMIZATION_LEVEL = "-Onone";
			};
			name = Debug;
		};
		376E89731CECDF57009B78D5 /* Release */ = {
			isa = XCBuildConfiguration;
			buildSettings = {
				ALWAYS_SEARCH_USER_PATHS = NO;
				CLANG_ANALYZER_NONNULL = YES;
				CLANG_CXX_LANGUAGE_STANDARD = "gnu++0x";
				CLANG_CXX_LIBRARY = "libc++";
				CLANG_ENABLE_MODULES = YES;
				CLANG_ENABLE_OBJC_ARC = YES;
				CLANG_WARN_BOOL_CONVERSION = YES;
				CLANG_WARN_CONSTANT_CONVERSION = YES;
				CLANG_WARN_DIRECT_OBJC_ISA_USAGE = YES_ERROR;
				CLANG_WARN_EMPTY_BODY = YES;
				CLANG_WARN_ENUM_CONVERSION = YES;
				CLANG_WARN_INT_CONVERSION = YES;
				CLANG_WARN_OBJC_ROOT_CLASS = YES_ERROR;
				CLANG_WARN_UNREACHABLE_CODE = YES;
				CLANG_WARN__DUPLICATE_METHOD_MATCH = YES;
				"CODE_SIGN_IDENTITY[sdk=iphoneos*]" = "iPhone Developer";
				COPY_PHASE_STRIP = NO;
				DEBUG_INFORMATION_FORMAT = "dwarf-with-dsym";
				ENABLE_NS_ASSERTIONS = NO;
				ENABLE_STRICT_OBJC_MSGSEND = YES;
				GCC_C_LANGUAGE_STANDARD = gnu99;
				GCC_NO_COMMON_BLOCKS = YES;
				GCC_WARN_64_TO_32_BIT_CONVERSION = YES;
				GCC_WARN_ABOUT_RETURN_TYPE = YES_ERROR;
				GCC_WARN_UNDECLARED_SELECTOR = YES;
				GCC_WARN_UNINITIALIZED_AUTOS = YES_AGGRESSIVE;
				GCC_WARN_UNUSED_FUNCTION = YES;
				GCC_WARN_UNUSED_VARIABLE = YES;
				IPHONEOS_DEPLOYMENT_TARGET = 9.3;
				MTL_ENABLE_DEBUG_INFO = NO;
				SDKROOT = iphoneos;
				VALIDATE_PRODUCT = YES;
			};
			name = Release;
		};
		376E89751CECDF57009B78D5 /* Debug */ = {
			isa = XCBuildConfiguration;
			baseConfigurationReference = 249ABC413236CE142DC03933 /* Pods-Glimpse.debug.xcconfig */;
			buildSettings = {
				ASSETCATALOG_COMPILER_APPICON_NAME = AppIcon;
				CLANG_ENABLE_MODULES = YES;
				CODE_SIGN_IDENTITY = "iPhone Developer";
				"CODE_SIGN_IDENTITY[sdk=iphoneos*]" = "iPhone Developer";
				FRAMEWORK_SEARCH_PATHS = (
					"$(inherited)",
					"$(PROJECT_DIR)/Glimpse/Parse",
				);
				HEADER_SEARCH_PATHS = (
					"$(inherited)",
					"\"${PODS_ROOT}/Headers/Public\"/**",
					"\"${PODS_ROOT}/\"",
				);
				INFOPLIST_FILE = Glimpse/Info.plist;
				LD_RUNPATH_SEARCH_PATHS = "$(inherited) @executable_path/Frameworks";
				PRODUCT_BUNDLE_IDENTIFIER = GlimpseCreative.Glimpse;
				PRODUCT_NAME = "$(TARGET_NAME)";
				PROVISIONING_PROFILE = "";
				SWIFT_OBJC_BRIDGING_HEADER = "Glimpse/Glimpse-Bridging-Header.h";
				SWIFT_OPTIMIZATION_LEVEL = "-Onone";
			};
			name = Debug;
		};
		376E89761CECDF57009B78D5 /* Release */ = {
			isa = XCBuildConfiguration;
			baseConfigurationReference = B82C5E50ECF9B926E3FBFFAB /* Pods-Glimpse.release.xcconfig */;
			buildSettings = {
				ASSETCATALOG_COMPILER_APPICON_NAME = AppIcon;
				CLANG_ENABLE_MODULES = YES;
				CODE_SIGN_IDENTITY = "iPhone Developer";
				"CODE_SIGN_IDENTITY[sdk=iphoneos*]" = "iPhone Developer";
				FRAMEWORK_SEARCH_PATHS = (
					"$(inherited)",
					"$(PROJECT_DIR)/Glimpse/Parse",
				);
				HEADER_SEARCH_PATHS = (
					"$(inherited)",
					"\"${PODS_ROOT}/Headers/Public\"/**",
					"\"${PODS_ROOT}/\"",
				);
				INFOPLIST_FILE = Glimpse/Info.plist;
				LD_RUNPATH_SEARCH_PATHS = "$(inherited) @executable_path/Frameworks";
				PRODUCT_BUNDLE_IDENTIFIER = GlimpseCreative.Glimpse;
				PRODUCT_NAME = "$(TARGET_NAME)";
				PROVISIONING_PROFILE = "";
				SWIFT_OBJC_BRIDGING_HEADER = "Glimpse/Glimpse-Bridging-Header.h";
			};
			name = Release;
		};
/* End XCBuildConfiguration section */

/* Begin XCConfigurationList section */
		376E89591CECDF57009B78D5 /* Build configuration list for PBXProject "Glimpse" */ = {
			isa = XCConfigurationList;
			buildConfigurations = (
				376E89721CECDF57009B78D5 /* Debug */,
				376E89731CECDF57009B78D5 /* Release */,
			);
			defaultConfigurationIsVisible = 0;
			defaultConfigurationName = Release;
		};
		376E89741CECDF57009B78D5 /* Build configuration list for PBXNativeTarget "Glimpse" */ = {
			isa = XCConfigurationList;
			buildConfigurations = (
				376E89751CECDF57009B78D5 /* Debug */,
				376E89761CECDF57009B78D5 /* Release */,
			);
			defaultConfigurationIsVisible = 0;
			defaultConfigurationName = Release;
		};
/* End XCConfigurationList section */
	};
	rootObject = 376E89561CECDF57009B78D5 /* Project object */;
}
