PODS:
  - ALCameraViewController (1.1.2)
  - EZSwipeController (0.5)

DEPENDENCIES:
  - ALCameraViewController
  - EZSwipeController

SPEC CHECKSUMS:
  ALCameraViewController: 3439c8bb72f766c0225305e6dbfdc1d1aaa22d96
  EZSwipeController: 01cc43b319e133b6dbfb25bfdc78617a1560e952

PODFILE CHECKSUM: a4068197bd62e8cdbee1aa2e610e01f485242cdb

COCOAPODS: 1.0.0
